{
  "name": "react-native-transformable-image",
  "version": "0.0.18",
  "lockfileVersion": 1,
  "requires": true,
  "dependencies": {
    "crypto-js": {
      "version": "3.1.9-1",
      "resolved": "https://registry.npmjs.org/crypto-js/-/crypto-js-3.1.9-1.tgz",
      "integrity": "sha1-/aGedh/Ad+Af+/3G6f38WeiAbNg="
    },
    "react-native-img-cache": {
      "version": "1.5.3",
      "resolved": "https://registry.npmjs.org/react-native-img-cache/-/react-native-img-cache-1.5.3.tgz",
      "integrity": "sha1-zP+6hmAwd9C+T53Aiv9Z4/VRCQs=",
      "requires": {
        "crypto-js": "3.1.9-1"
      }
    }
  }
}
